
Microsoft Visual Studio Solution File, Format Version 12.00
# Visual Studio Version 16
VisualStudioVersion = 16.0.31410.357
MinimumVisualStudioVersion = 10.0.40219.1
Project("{9A19103F-16F7-4668-BE54-9A1E7A4F7556}") = "WebAPI", "webapi\WebAPI.csproj", "{8A2BC83D-466A-4BCB-B548-4F5B6749F52B}"
EndProject
Project("{9A19103F-16F7-4668-BE54-9A1E7A4F7556}") = "WebApp", "webapp\WebApp.csproj", "{891FF0F9-A898-4C20-AE74-2A4E0D8C30CF}"
EndProject
Project("{FAE04EC0-301F-11D3-BF4B-00C04F79EFBC}") = "Common", "Common\Common.csproj", "{B26B8135-7E11-4891-A41E-399855DB51F1}"
EndProject
Global
	GlobalSection(SolutionConfigurationPlatforms) = preSolution
		Debug|Any CPU = Debug|Any CPU
		Release|Any CPU = Release|Any CPU
	EndGlobalSection
	GlobalSection(ProjectConfigurationPlatforms) = postSolution
		{8A2BC83D-466A-4BCB-B548-4F5B6749F52B}.Debug|Any CPU.ActiveCfg = Debug|Any CPU
		{8A2BC83D-466A-4BCB-B548-4F5B6749F52B}.Debug|Any CPU.Build.0 = Debug|Any CPU
		{8A2BC83D-466A-4BCB-B548-4F5B6749F52B}.Release|Any CPU.ActiveCfg = Release|Any CPU
		{8A2BC83D-466A-4BCB-B548-4F5B6749F52B}.Release|Any CPU.Build.0 = Release|Any CPU
		{891FF0F9-A898-4C20-AE74-2A4E0D8C30CF}.Debug|Any CPU.ActiveCfg = Debug|Any CPU
		{891FF0F9-A898-4C20-AE74-2A4E0D8C30CF}.Debug|Any CPU.Build.0 = Debug|Any CPU
		{891FF0F9-A898-4C20-AE74-2A4E0D8C30CF}.Release|Any CPU.ActiveCfg = Release|Any CPU
		{891FF0F9-A898-4C20-AE74-2A4E0D8C30CF}.Release|Any CPU.Build.0 = Release|Any CPU
		{B26B8135-7E11-4891-A41E-399855DB51F1}.Debug|Any CPU.ActiveCfg = Debug|Any CPU
		{B26B8135-7E11-4891-A41E-399855DB51F1}.Debug|Any CPU.Build.0 = Debug|Any CPU
		{B26B8135-7E11-4891-A41E-399855DB51F1}.Release|Any CPU.ActiveCfg = Release|Any CPU
		{B26B8135-7E11-4891-A41E-399855DB51F1}.Release|Any CPU.Build.0 = Release|Any CPU
	EndGlobalSection
	GlobalSection(SolutionProperties) = preSolution
		HideSolutionNode = FALSE
	EndGlobalSection
	GlobalSection(ExtensibilityGlobals) = postSolution
		SolutionGuid = {439D5D8D-B187-4C77-AD39-2AF2B35C7610}
	EndGlobalSection
EndGlobal
